<Solution>
  <Folder Name="/Solution Items/">
    <File Path="README.md" />
    <File Path="ReadmeDocker.md" />
    <File Path="CLAUDE.md" />
  </Folder>
  <Project Path="docker-compose.dcproj">
    <Build />
  </Project>
  <Project Path="LupiraWeb.Domain/LupiraWeb.Domain.csproj" />
  <Project Path="LupiraWeb.Server/LupiraWeb.Server.csproj" />
  <Project Path="LupiraWeb.Server.Tests/LupiraWeb.Server.Tests.csproj" />
  <Project Path="LupiraWeb.Admin.Server/LupiraWeb.Admin.Server.csproj" />
</Solution>
